Microsoft Visual Studio Solution File, Format Version 12.00
# Visual Studio Version 17
VisualStudioVersion = 17.0.31903.59
MinimumVisualStudioVersion = 10.0.40219.1
Project("{2150E333-8FDC-42A3-9474-1A3956D46DE8}") = "src", "src", "{FCBE207B-29B5-44F1-92D3-86F4238359E6}"
EndProject
Project("{2150E333-8FDC-42A3-9474-1A3956D46DE8}") = "tests", "tests", "{37C395CC-4E2E-4E66-8301-2D2C3101BBC1}"
EndProject
Project("{2150E333-8FDC-42A3-9474-1A3956D46DE8}") = "Client", "Client", "{FD3B7711-4986-418F-94AB-79368746BD5A}"
EndProject
Project("{2150E333-8FDC-42A3-9474-1A3956D46DE8}") = "Server", "Server", "{888D8ED4-CEE6-4781-AA86-4E64AC152B7C}"
EndProject
Project("{2150E333-8FDC-42A3-9474-1A3956D46DE8}") = "Core", "Core", "{16677911-D379-4706-A45A-73106690F4D0}"
EndProject
Project("{2150E333-8FDC-42A3-9474-1A3956D46DE8}") = "Infrastructure", "Infrastructure", "{DA7E72AA-E706-446D-A2FE-9A06D66315F8}"
EndProject
Project("{2150E333-8FDC-42A3-9474-1A3956D46DE8}") = "Presentation", "Presentation", "{12AFA433-EE4E-4D50-B697-1F23616C36E7}"
EndProject
Project("{FAE04EC0-301F-11D3-BF4B-00C04F79EFBC}") = "Domain", "src\Server\Core\Domain\Domain.csproj", "{524545D2-6F58-42F5-A7D0-F489EF028BF6}"
EndProject
Project("{FAE04EC0-301F-11D3-BF4B-00C04F79EFBC}") = "Application", "src\Server\Core\Application\Application.csproj", "{6E6B1C14-B123-48C0-A161-7AC6A079D350}"
EndProject
Project("{FAE04EC0-301F-11D3-BF4B-00C04F79EFBC}") = "Persistence", "src\Server\Infrastructure\Persistence\Persistence.csproj", "{35C7B3A3-3C94-4FEE-9D81-25BBABAD07E5}"
EndProject
Project("{FAE04EC0-301F-11D3-BF4B-00C04F79EFBC}") = "External", "src\Server\Infrastructure\External\External.csproj", "{F71C8BCB-E453-4CF0-A280-CEDB38811515}"
EndProject
Project("{FAE04EC0-301F-11D3-BF4B-00C04F79EFBC}") = "PublicApi", "src\Server\Presentation\PublicApi\PublicApi.csproj", "{DA4347AA-1FA2-4331-84F9-32A228106D59}"
EndProject
Project("{FAE04EC0-301F-11D3-BF4B-00C04F79EFBC}") = "DomainUnitTests", "tests\DomainUnitTests\DomainUnitTests.csproj", "{1599B314-E201-4807-9C8A-FCE357EC4AF3}"
EndProject
Project("{FAE04EC0-301F-11D3-BF4B-00C04F79EFBC}") = "ApplicationUnitTests", "tests\ApplicationUnitTests\ApplicationUnitTests.csproj", "{C7649961-9E20-4846-AEA6-12C9CD6F9757}"
EndProject
Global
	GlobalSection(SolutionProperties) = preSolution
		HideSolutionNode = FALSE
	EndGlobalSection
	GlobalSection(NestedProjects) = preSolution
		{FD3B7711-4986-418F-94AB-79368746BD5A} = {FCBE207B-29B5-44F1-92D3-86F4238359E6}
		{888D8ED4-CEE6-4781-AA86-4E64AC152B7C} = {FCBE207B-29B5-44F1-92D3-86F4238359E6}
		{16677911-D379-4706-A45A-73106690F4D0} = {888D8ED4-CEE6-4781-AA86-4E64AC152B7C}
		{DA7E72AA-E706-446D-A2FE-9A06D66315F8} = {888D8ED4-CEE6-4781-AA86-4E64AC152B7C}
		{12AFA433-EE4E-4D50-B697-1F23616C36E7} = {888D8ED4-CEE6-4781-AA86-4E64AC152B7C}
		{524545D2-6F58-42F5-A7D0-F489EF028BF6} = {16677911-D379-4706-A45A-73106690F4D0}
		{6E6B1C14-B123-48C0-A161-7AC6A079D350} = {16677911-D379-4706-A45A-73106690F4D0}
		{35C7B3A3-3C94-4FEE-9D81-25BBABAD07E5} = {DA7E72AA-E706-446D-A2FE-9A06D66315F8}
		{F71C8BCB-E453-4CF0-A280-CEDB38811515} = {DA7E72AA-E706-446D-A2FE-9A06D66315F8}
		{DA4347AA-1FA2-4331-84F9-32A228106D59} = {12AFA433-EE4E-4D50-B697-1F23616C36E7}
		{1599B314-E201-4807-9C8A-FCE357EC4AF3} = {37C395CC-4E2E-4E66-8301-2D2C3101BBC1}
		{C7649961-9E20-4846-AEA6-12C9CD6F9757} = {37C395CC-4E2E-4E66-8301-2D2C3101BBC1}
	EndGlobalSection
	GlobalSection(SolutionConfigurationPlatforms) = preSolution
		Debug|Any CPU = Debug|Any CPU
		Debug|x64 = Debug|x64
		Debug|x86 = Debug|x86
		Release|Any CPU = Release|Any CPU
		Release|x64 = Release|x64
		Release|x86 = Release|x86
	EndGlobalSection
	GlobalSection(ProjectConfigurationPlatforms) = postSolution
		{524545D2-6F58-42F5-A7D0-F489EF028BF6}.Debug|Any CPU.ActiveCfg = Debug|Any CPU
		{524545D2-6F58-42F5-A7D0-F489EF028BF6}.Debug|Any CPU.Build.0 = Debug|Any CPU
		{524545D2-6F58-42F5-A7D0-F489EF028BF6}.Debug|x64.ActiveCfg = Debug|Any CPU
		{524545D2-6F58-42F5-A7D0-F489EF028BF6}.Debug|x64.Build.0 = Debug|Any CPU
		{524545D2-6F58-42F5-A7D0-F489EF028BF6}.Debug|x86.ActiveCfg = Debug|Any CPU
		{524545D2-6F58-42F5-A7D0-F489EF028BF6}.Debug|x86.Build.0 = Debug|Any CPU
		{524545D2-6F58-42F5-A7D0-F489EF028BF6}.Release|Any CPU.ActiveCfg = Release|Any CPU
		{524545D2-6F58-42F5-A7D0-F489EF028BF6}.Release|Any CPU.Build.0 = Release|Any CPU
		{524545D2-6F58-42F5-A7D0-F489EF028BF6}.Release|x64.ActiveCfg = Release|Any CPU
		{524545D2-6F58-42F5-A7D0-F489EF028BF6}.Release|x64.Build.0 = Release|Any CPU
		{524545D2-6F58-42F5-A7D0-F489EF028BF6}.Release|x86.ActiveCfg = Release|Any CPU
		{524545D2-6F58-42F5-A7D0-F489EF028BF6}.Release|x86.Build.0 = Release|Any CPU
		{6E6B1C14-B123-48C0-A161-7AC6A079D350}.Debug|Any CPU.ActiveCfg = Debug|Any CPU
		{6E6B1C14-B123-48C0-A161-7AC6A079D350}.Debug|Any CPU.Build.0 = Debug|Any CPU
		{6E6B1C14-B123-48C0-A161-7AC6A079D350}.Debug|x64.ActiveCfg = Debug|Any CPU
		{6E6B1C14-B123-48C0-A161-7AC6A079D350}.Debug|x64.Build.0 = Debug|Any CPU
		{6E6B1C14-B123-48C0-A161-7AC6A079D350}.Debug|x86.ActiveCfg = Debug|Any CPU
		{6E6B1C14-B123-48C0-A161-7AC6A079D350}.Debug|x86.Build.0 = Debug|Any CPU
		{6E6B1C14-B123-48C0-A161-7AC6A079D350}.Release|Any CPU.ActiveCfg = Release|Any CPU
		{6E6B1C14-B123-48C0-A161-7AC6A079D350}.Release|Any CPU.Build.0 = Release|Any CPU
		{6E6B1C14-B123-48C0-A161-7AC6A079D350}.Release|x64.ActiveCfg = Release|Any CPU
		{6E6B1C14-B123-48C0-A161-7AC6A079D350}.Release|x64.Build.0 = Release|Any CPU
		{6E6B1C14-B123-48C0-A161-7AC6A079D350}.Release|x86.ActiveCfg = Release|Any CPU
		{6E6B1C14-B123-48C0-A161-7AC6A079D350}.Release|x86.Build.0 = Release|Any CPU
		{35C7B3A3-3C94-4FEE-9D81-25BBABAD07E5}.Debug|Any CPU.ActiveCfg = Debug|Any CPU
		{35C7B3A3-3C94-4FEE-9D81-25BBABAD07E5}.Debug|Any CPU.Build.0 = Debug|Any CPU
		{35C7B3A3-3C94-4FEE-9D81-25BBABAD07E5}.Debug|x64.ActiveCfg = Debug|Any CPU
		{35C7B3A3-3C94-4FEE-9D81-25BBABAD07E5}.Debug|x64.Build.0 = Debug|Any CPU
		{35C7B3A3-3C94-4FEE-9D81-25BBABAD07E5}.Debug|x86.ActiveCfg = Debug|Any CPU
		{35C7B3A3-3C94-4FEE-9D81-25BBABAD07E5}.Debug|x86.Build.0 = Debug|Any CPU
		{35C7B3A3-3C94-4FEE-9D81-25BBABAD07E5}.Release|Any CPU.ActiveCfg = Release|Any CPU
		{35C7B3A3-3C94-4FEE-9D81-25BBABAD07E5}.Release|Any CPU.Build.0 = Release|Any CPU
		{35C7B3A3-3C94-4FEE-9D81-25BBABAD07E5}.Release|x64.ActiveCfg = Release|Any CPU
		{35C7B3A3-3C94-4FEE-9D81-25BBABAD07E5}.Release|x64.Build.0 = Release|Any CPU
		{35C7B3A3-3C94-4FEE-9D81-25BBABAD07E5}.Release|x86.ActiveCfg = Release|Any CPU
		{35C7B3A3-3C94-4FEE-9D81-25BBABAD07E5}.Release|x86.Build.0 = Release|Any CPU
		{F71C8BCB-E453-4CF0-A280-CEDB38811515}.Debug|Any CPU.ActiveCfg = Debug|Any CPU
		{F71C8BCB-E453-4CF0-A280-CEDB38811515}.Debug|Any CPU.Build.0 = Debug|Any CPU
		{F71C8BCB-E453-4CF0-A280-CEDB38811515}.Debug|x64.ActiveCfg = Debug|Any CPU
		{F71C8BCB-E453-4CF0-A280-CEDB38811515}.Debug|x64.Build.0 = Debug|Any CPU
		{F71C8BCB-E453-4CF0-A280-CEDB38811515}.Debug|x86.ActiveCfg = Debug|Any CPU
		{F71C8BCB-E453-4CF0-A280-CEDB38811515}.Debug|x86.Build.0 = Debug|Any CPU
		{F71C8BCB-E453-4CF0-A280-CEDB38811515}.Release|Any CPU.ActiveCfg = Release|Any CPU
		{F71C8BCB-E453-4CF0-A280-CEDB38811515}.Release|Any CPU.Build.0 = Release|Any CPU
		{F71C8BCB-E453-4CF0-A280-CEDB38811515}.Release|x64.ActiveCfg = Release|Any CPU
		{F71C8BCB-E453-4CF0-A280-CEDB38811515}.Release|x64.Build.0 = Release|Any CPU
		{F71C8BCB-E453-4CF0-A280-CEDB38811515}.Release|x86.ActiveCfg = Release|Any CPU
		{F71C8BCB-E453-4CF0-A280-CEDB38811515}.Release|x86.Build.0 = Release|Any CPU
		{DA4347AA-1FA2-4331-84F9-32A228106D59}.Debug|Any CPU.ActiveCfg = Debug|Any CPU
		{DA4347AA-1FA2-4331-84F9-32A228106D59}.Debug|Any CPU.Build.0 = Debug|Any CPU
		{DA4347AA-1FA2-4331-84F9-32A228106D59}.Debug|x64.ActiveCfg = Debug|Any CPU
		{DA4347AA-1FA2-4331-84F9-32A228106D59}.Debug|x64.Build.0 = Debug|Any CPU
		{DA4347AA-1FA2-4331-84F9-32A228106D59}.Debug|x86.ActiveCfg = Debug|Any CPU
		{DA4347AA-1FA2-4331-84F9-32A228106D59}.Debug|x86.Build.0 = Debug|Any CPU
		{DA4347AA-1FA2-4331-84F9-32A228106D59}.Release|Any CPU.ActiveCfg = Release|Any CPU
		{DA4347AA-1FA2-4331-84F9-32A228106D59}.Release|Any CPU.Build.0 = Release|Any CPU
		{DA4347AA-1FA2-4331-84F9-32A228106D59}.Release|x64.ActiveCfg = Release|Any CPU
		{DA4347AA-1FA2-4331-84F9-32A228106D59}.Release|x64.Build.0 = Release|Any CPU
		{DA4347AA-1FA2-4331-84F9-32A228106D59}.Release|x86.ActiveCfg = Release|Any CPU
		{DA4347AA-1FA2-4331-84F9-32A228106D59}.Release|x86.Build.0 = Release|Any CPU
		{1599B314-E201-4807-9C8A-FCE357EC4AF3}.Debug|Any CPU.ActiveCfg = Debug|Any CPU
		{1599B314-E201-4807-9C8A-FCE357EC4AF3}.Debug|Any CPU.Build.0 = Debug|Any CPU
		{1599B314-E201-4807-9C8A-FCE357EC4AF3}.Debug|x64.ActiveCfg = Debug|Any CPU
		{1599B314-E201-4807-9C8A-FCE357EC4AF3}.Debug|x64.Build.0 = Debug|Any CPU
		{1599B314-E201-4807-9C8A-FCE357EC4AF3}.Debug|x86.ActiveCfg = Debug|Any CPU
		{1599B314-E201-4807-9C8A-FCE357EC4AF3}.Debug|x86.Build.0 = Debug|Any CPU
		{1599B314-E201-4807-9C8A-FCE357EC4AF3}.Release|Any CPU.ActiveCfg = Release|Any CPU
		{1599B314-E201-4807-9C8A-FCE357EC4AF3}.Release|Any CPU.Build.0 = Release|Any CPU
		{1599B314-E201-4807-9C8A-FCE357EC4AF3}.Release|x64.ActiveCfg = Release|Any CPU
		{1599B314-E201-4807-9C8A-FCE357EC4AF3}.Release|x64.Build.0 = Release|Any CPU
		{1599B314-E201-4807-9C8A-FCE357EC4AF3}.Release|x86.ActiveCfg = Release|Any CPU
		{1599B314-E201-4807-9C8A-FCE357EC4AF3}.Release|x86.Build.0 = Release|Any CPU
		{C7649961-9E20-4846-AEA6-12C9CD6F9757}.Debug|Any CPU.ActiveCfg = Debug|Any CPU
		{C7649961-9E20-4846-AEA6-12C9CD6F9757}.Debug|Any CPU.Build.0 = Debug|Any CPU
		{C7649961-9E20-4846-AEA6-12C9CD6F9757}.Debug|x64.ActiveCfg = Debug|Any CPU
		{C7649961-9E20-4846-AEA6-12C9CD6F9757}.Debug|x64.Build.0 = Debug|Any CPU
		{C7649961-9E20-4846-AEA6-12C9CD6F9757}.Debug|x86.ActiveCfg = Debug|Any CPU
		{C7649961-9E20-4846-AEA6-12C9CD6F9757}.Debug|x86.Build.0 = Debug|Any CPU
		{C7649961-9E20-4846-AEA6-12C9CD6F9757}.Release|Any CPU.ActiveCfg = Release|Any CPU
		{C7649961-9E20-4846-AEA6-12C9CD6F9757}.Release|Any CPU.Build.0 = Release|Any CPU
		{C7649961-9E20-4846-AEA6-12C9CD6F9757}.Release|x64.ActiveCfg = Release|Any CPU
		{C7649961-9E20-4846-AEA6-12C9CD6F9757}.Release|x64.Build.0 = Release|Any CPU
		{C7649961-9E20-4846-AEA6-12C9CD6F9757}.Release|x86.ActiveCfg = Release|Any CPU
		{C7649961-9E20-4846-AEA6-12C9CD6F9757}.Release|x86.Build.0 = Release|Any CPU
	EndGlobalSection
EndGlobal
